
Microsoft Visual Studio Solution File, Format Version 12.00
# Visual Studio Version 16
VisualStudioVersion = 16.0.30503.244
MinimumVisualStudioVersion = 10.0.40219.1
Project("{FAE04EC0-301F-11D3-BF4B-00C04F79EFBC}") = "EsepteImage", "EsepteImage\EsepteImage.csproj", "{C8F16329-E8DF-4A40-A2E0-8F7BA3AB65C8}"
EndProject
Global
	GlobalSection(SolutionConfigurationPlatforms) = preSolution
		Debug|Any CPU = Debug|Any CPU
		Release|Any CPU = Release|Any CPU
	EndGlobalSection
	GlobalSection(ProjectConfigurationPlatforms) = postSolution
		{C8F16329-E8DF-4A40-A2E0-8F7BA3AB65C8}.Debug|Any CPU.ActiveCfg = Debug|Any CPU
		{C8F16329-E8DF-4A40-A2E0-8F7BA3AB65C8}.Debug|Any CPU.Build.0 = Debug|Any CPU
		{C8F16329-E8DF-4A40-A2E0-8F7BA3AB65C8}.Release|Any CPU.ActiveCfg = Release|Any CPU
		{C8F16329-E8DF-4A40-A2E0-8F7BA3AB65C8}.Release|Any CPU.Build.0 = Release|Any CPU
	EndGlobalSection
	GlobalSection(SolutionProperties) = preSolution
		HideSolutionNode = FALSE
	EndGlobalSection
	GlobalSection(ExtensibilityGlobals) = postSolution
		SolutionGuid = {99C60B5E-E254-4D79-97D9-46B0750C5B21}
	EndGlobalSection
EndGlobal
